
Microsoft Visual Studio Solution File, Format Version 12.00
# Visual Studio Version 17
VisualStudioVersion = 17.3.32825.248
MinimumVisualStudioVersion = 10.0.40219.1
Project("{FAE04EC0-301F-11D3-BF4B-00C04F79EFBC}") = "projPOOWF", "projPOOWF\projPOOWF.csproj", "{BBF0F8A3-1A4B-49A2-842F-1510D43322F0}"
EndProject
Global
	GlobalSection(SolutionConfigurationPlatforms) = preSolution
		Debug|Any CPU = Debug|Any CPU
		Release|Any CPU = Release|Any CPU
	EndGlobalSection
	GlobalSection(ProjectConfigurationPlatforms) = postSolution
		{BBF0F8A3-1A4B-49A2-842F-1510D43322F0}.Debug|Any CPU.ActiveCfg = Debug|Any CPU
		{BBF0F8A3-1A4B-49A2-842F-1510D43322F0}.Debug|Any CPU.Build.0 = Debug|Any CPU
		{BBF0F8A3-1A4B-49A2-842F-1510D43322F0}.Release|Any CPU.ActiveCfg = Release|Any CPU
		{BBF0F8A3-1A4B-49A2-842F-1510D43322F0}.Release|Any CPU.Build.0 = Release|Any CPU
	EndGlobalSection
	GlobalSection(SolutionProperties) = preSolution
		HideSolutionNode = FALSE
	EndGlobalSection
	GlobalSection(ExtensibilityGlobals) = postSolution
		SolutionGuid = {1B18DFC6-E69B-43AE-B029-9E3BFF70BDE2}
	EndGlobalSection
EndGlobal
